lockVersion: 2.0.0
id: 875b45a6-19b9-4d23-8648-a219e85b0fc9
management:
  docChecksum: 5e4ef027bc51f54368e8b1607b77c098
  docVersion: 1.0.0
  speakeasyVersion: internal
  generationVersion: 2.245.1
  releaseVersion: 0.2.4
  configChecksum: 3095c0bdf957040ead19cb81452c2f78
  repoURL: https://github.com/ding-live/ding-golang.git
  repoSubDirectory: .
  installationURL: https://github.com/ding-live/ding-golang
  published: true
features:
  go:
    core: 3.3.1
    examples: 2.81.3
    flattening: 2.81.1
    globalSecurity: 2.82.5
    globalServerURLs: 2.82.1
    serverIDs: 2.81.1
generatedFiles:
  - otp.go
  - lookup.go
  - ding.go
  - go.mod
  - go.sum
  - models/sdkerrors/sdkerror.go
  - types/bigint.go
  - types/date.go
  - types/datetime.go
  - types/decimal.go
  - types/pointers.go
  - internal/utils/contenttype.go
  - internal/utils/form.go
  - internal/utils/headers.go
  - internal/utils/json.go
  - internal/utils/pathparams.go
  - internal/utils/queryparams.go
  - internal/utils/requestbody.go
  - internal/utils/retries.go
  - internal/utils/security.go
  - internal/utils/utils.go
  - /models/operations/check.go
  - /models/operations/createautentication.go
  - /models/operations/retry.go
  - /models/operations/lookup.go
  - /models/components/createcheckresponse.go
  - /models/components/createcheckrequest.go
  - /models/components/createauthenticationresponse.go
  - /models/components/createauthenticationrequest.go
  - /models/components/retryauthenticationresponse.go
  - /models/components/retryauthenticationrequest.go
  - /models/components/lookupresponse.go
  - /models/components/security.go
  - /models/sdkerrors/errorresponse.go
  - docs/models/operations/checkresponse.md
  - docs/models/operations/createautenticationresponse.md
  - docs/models/operations/retryresponse.md
  - docs/models/operations/lookuprequest.md
  - docs/models/operations/lookupresponse.md
  - docs/models/components/createcheckresponsestatus.md
  - docs/models/components/createcheckresponse.md
  - docs/models/components/createcheckrequest.md
  - docs/models/components/status.md
  - docs/models/components/createauthenticationresponse.md
  - docs/models/components/devicetype.md
  - docs/models/components/createauthenticationrequest.md
  - docs/models/components/retryauthenticationresponsestatus.md
  - docs/models/components/retryauthenticationresponse.md
  - docs/models/components/retryauthenticationrequest.md
  - docs/models/components/linetype.md
  - docs/models/components/lookupresponse.md
  - docs/models/components/security.md
  - docs/models/sdkerrors/code.md
  - docs/models/sdkerrors/errorresponse.md
  - docs/sdks/ding/README.md
  - docs/sdks/otp/README.md
  - docs/sdks/lookup/README.md
  - USAGE.md
  - .gitattributes
