lockVersion: 2.0.0
id: 875b45a6-19b9-4d23-8648-a219e85b0fc9
management:
  docChecksum: 9894bd098e7dd9f81402a9c6ea0a6ea0
  docVersion: 1.0.0
  speakeasyVersion: 1.277.8
  generationVersion: 2.319.10
  releaseVersion: 0.6.9
  configChecksum: a7b1e3138683f439291dadc04b5df494
  repoURL: https://github.com/ding-live/ding-golang.git
  repoSubDirectory: .
  installationURL: https://github.com/ding-live/ding-golang
  published: true
features:
  go:
    core: 3.4.7
    examples: 2.81.3
    flattening: 2.81.1
    globalSecurity: 2.82.9
    globalServerURLs: 2.82.2
    responseFormat: 0.1.0
generatedFiles:
  - otp.go
  - lookup.go
  - ding.go
  - go.mod
  - models/sdkerrors/sdkerror.go
  - types/bigint.go
  - types/date.go
  - types/datetime.go
  - types/decimal.go
  - types/pointers.go
  - internal/utils/contenttype.go
  - internal/utils/form.go
  - internal/utils/headers.go
  - internal/utils/json.go
  - internal/utils/pathparams.go
  - internal/utils/queryparams.go
  - internal/utils/requestbody.go
  - internal/utils/retries.go
  - internal/utils/security.go
  - internal/utils/utils.go
  - /models/operations/check.go
  - /models/operations/createauthentication.go
  - /models/operations/feedback.go
  - /models/operations/retry.go
  - /models/operations/lookup.go
  - /models/components/createcheckresponse.go
  - /models/components/createcheckrequest.go
  - /models/components/createauthenticationresponse.go
  - /models/components/createauthenticationrequest.go
  - /models/components/feedbackresponse.go
  - /models/components/feedbackrequest.go
  - /models/components/retryauthenticationresponse.go
  - /models/components/retryauthenticationrequest.go
  - /models/components/lookupresponse.go
  - /models/components/security.go
  - /models/sdkerrors/errorresponse.go
  - docs/models/operations/checkresponse.md
  - docs/models/operations/createauthenticationresponse.md
  - docs/models/operations/feedbackresponse.md
  - docs/models/operations/retryresponse.md
  - docs/models/operations/lookuprequest.md
  - docs/models/operations/lookupresponse.md
  - docs/models/components/createcheckresponsestatus.md
  - docs/models/components/createcheckresponse.md
  - docs/models/components/createcheckrequest.md
  - docs/models/components/status.md
  - docs/models/components/createauthenticationresponse.md
  - docs/models/components/devicetype.md
  - docs/models/components/createauthenticationrequest.md
  - docs/models/components/feedbackresponse.md
  - docs/models/components/feedbackrequeststatus.md
  - docs/models/components/feedbackrequest.md
  - docs/models/components/retryauthenticationresponsestatus.md
  - docs/models/components/retryauthenticationresponse.md
  - docs/models/components/retryauthenticationrequest.md
  - docs/models/components/linetype.md
  - docs/models/components/lookupresponse.md
  - docs/models/components/security.md
  - docs/models/sdkerrors/code.md
  - docs/models/sdkerrors/errorresponse.md
  - docs/sdks/ding/README.md
  - docs/sdks/otp/README.md
  - docs/sdks/lookup/README.md
  - USAGE.md
  - .gitattributes
  - internal/hooks/hooks.go
