lockVersion: 2.0.0
id: 875b45a6-19b9-4d23-8648-a219e85b0fc9
management:
  docChecksum: cdd98ec37d038287e527cb85bbed139b
  docVersion: 1.0.0
  speakeasyVersion: 1.424.0
  generationVersion: 2.445.1
  releaseVersion: 0.14.7
  configChecksum: fe125c66c73bd5cc57cfdd66bc92e3cd
  repoURL: https://github.com/ding-live/ding-golang.git
  repoSubDirectory: .
  installationURL: https://github.com/ding-live/ding-golang
  published: true
features:
  go:
    additionalDependencies: 0.1.0
    core: 3.5.14
    defaultEnabledRetries: 0.2.0
    envVarSecurityUsage: 0.3.1
    examples: 2.81.3
    flattening: 2.81.1
    globalSecurity: 2.82.10
    globalSecurityCallbacks: 0.1.0
    globalSecurityFlattening: 0.1.0
    globalServerURLs: 2.82.2
    intellisenseMarkdownSupport: 0.1.0
    responseFormat: 0.1.2
    retries: 2.83.0
    sdkHooks: 0.1.0
    unions: 2.85.9
generatedFiles:
  - .gitattributes
  - /models/components/authenticationstatusresponse.go
  - /models/components/checkstatus.go
  - /models/components/createauthenticationrequest.go
  - /models/components/createauthenticationresponse.go
  - /models/components/createcheckrequest.go
  - /models/components/createcheckresponse.go
  - /models/components/feedbackrequest.go
  - /models/components/feedbackresponse.go
  - /models/components/lookupresponse.go
  - /models/components/retryauthenticationrequest.go
  - /models/components/retryauthenticationresponse.go
  - /models/components/security.go
  - /models/operations/check.go
  - /models/operations/createauthentication.go
  - /models/operations/feedback.go
  - /models/operations/getauthenticationstatus.go
  - /models/operations/lookup.go
  - /models/operations/retry.go
  - /models/sdkerrors/errorresponse.go
  - CONTRIBUTING.md
  - USAGE.md
  - ding.go
  - docs/models/components/attempt.md
  - docs/models/components/authenticationstatusresponse.md
  - docs/models/components/authenticationstatusresponsedevicetype.md
  - docs/models/components/authenticationstatusresponseschemaseventstype.md
  - docs/models/components/authenticationstatusresponseschemasstatus.md
  - docs/models/components/authenticationstatusresponseschemastype.md
  - docs/models/components/authenticationstatusresponsestatus.md
  - docs/models/components/authenticationstatusresponsetype.md
  - docs/models/components/balanceupdate.md
  - docs/models/components/balanceupdatetype.md
  - docs/models/components/capability.md
  - docs/models/components/check.md
  - docs/models/components/checkstatus.md
  - docs/models/components/createauthenticationrequest.md
  - docs/models/components/createauthenticationresponse.md
  - docs/models/components/createcheckrequest.md
  - docs/models/components/createcheckresponse.md
  - docs/models/components/deliverystatus.md
  - docs/models/components/devicetype.md
  - docs/models/components/events.md
  - docs/models/components/feedbackrequest.md
  - docs/models/components/feedbackrequeststatus.md
  - docs/models/components/feedbackresponse.md
  - docs/models/components/linetype.md
  - docs/models/components/lookupresponse.md
  - docs/models/components/retryauthenticationrequest.md
  - docs/models/components/retryauthenticationresponse.md
  - docs/models/components/retryauthenticationresponsestatus.md
  - docs/models/components/security.md
  - docs/models/components/signals.md
  - docs/models/components/status.md
  - docs/models/components/type.md
  - docs/models/operations/checkresponse.md
  - docs/models/operations/createauthenticationresponse.md
  - docs/models/operations/feedbackresponse.md
  - docs/models/operations/getauthenticationstatusrequest.md
  - docs/models/operations/getauthenticationstatusresponse.md
  - docs/models/operations/lookuprequest.md
  - docs/models/operations/lookupresponse.md
  - docs/models/operations/option.md
  - docs/models/operations/retryresponse.md
  - docs/models/sdkerrors/code.md
  - docs/models/sdkerrors/errorresponse.md
  - docs/sdks/ding/README.md
  - docs/sdks/lookup/README.md
  - docs/sdks/otp/README.md
  - go.mod
  - internal/hooks/hooks.go
  - internal/utils/contenttype.go
  - internal/utils/form.go
  - internal/utils/headers.go
  - internal/utils/json.go
  - internal/utils/pathparams.go
  - internal/utils/queryparams.go
  - internal/utils/requestbody.go
  - internal/utils/retries.go
  - internal/utils/security.go
  - internal/utils/utils.go
  - lookup.go
  - models/operations/options.go
  - models/sdkerrors/sdkerror.go
  - otp.go
  - retry/config.go
  - types/bigint.go
  - types/date.go
  - types/datetime.go
  - types/decimal.go
  - types/pointers.go
examples:
  check:
    speakeasy-default-check:
      requestBody:
        application/json: {"authentication_uuid": "e0e7b0e9-739d-424b-922f-1c2cb48ab077", "check_code": "123456", "customer_uuid": "8f1196d5-806e-4b71-9b24-5f96ec052808"}
      responses:
        "200":
          application/json: {"status": "valid"}
        "400":
          application/json: {"code": "invalid_phone_number", "doc_url": "https://docs.prelude.so/api-reference/errors#invalid_phone_number", "message": "+0 is not a valid phone number"}
        default:
          application/json: {"code": "invalid_phone_number", "doc_url": "https://docs.prelude.so/api-reference/errors#invalid_phone_number", "message": "+0 is not a valid phone number"}
  create-authentication:
    speakeasy-default-create-authentication:
      requestBody:
        application/json: {"customer_uuid": "c9f826e0-deca-41ec-871f-ecd6e8efeb46", "locale": "fr-FR", "phone_number": "+1234567890"}
      responses:
        "400":
          application/json: {"code": "invalid_phone_number", "doc_url": "https://docs.prelude.so/api-reference/errors#invalid_phone_number", "message": "+0 is not a valid phone number"}
        "200": {}
        default:
          application/json: {"code": "invalid_phone_number", "doc_url": "https://docs.prelude.so/api-reference/errors#invalid_phone_number", "message": "+0 is not a valid phone number"}
  feedback:
    speakeasy-default-feedback:
      requestBody:
        application/json: {"customer_uuid": "c0c405fa-6bcb-4094-9430-7d6e2428ff23", "phone_number": "+1234567890", "status": "onboarded"}
      responses:
        "200":
          application/json: {"uuid": "123e4567-e89b-12d3-a456-4266141740a0"}
        default:
          application/json: {"code": "invalid_phone_number", "doc_url": "https://docs.prelude.so/api-reference/errors#invalid_phone_number", "message": "+0 is not a valid phone number"}
        "400":
          application/json: {"code": "invalid_phone_number", "doc_url": "https://docs.prelude.so/api-reference/errors#invalid_phone_number", "message": "+0 is not a valid phone number"}
  retry:
    speakeasy-default-retry:
      responses:
        "200":
          application/json: {"remaining_retry": 3, "status": "approved"}
        "400":
          application/json: {"code": "invalid_phone_number", "doc_url": "https://docs.prelude.so/api-reference/errors#invalid_phone_number", "message": "+0 is not a valid phone number"}
        default:
          application/json: {"code": "invalid_phone_number", "doc_url": "https://docs.prelude.so/api-reference/errors#invalid_phone_number", "message": "+0 is not a valid phone number"}
  lookup:
    speakeasy-default-lookup:
      parameters:
        path:
          phone_number: "<value>"
        header:
          customer-uuid: "6e93aa15-9177-4d09-8395-b69ce50db1c8"
      responses:
        "200":
          application/json: {"carrier": "AT&T", "country_code": "US", "line_type": "Mobile", "mcc": "310", "mnc": "410", "phone_number": "+1234567890"}
        "400":
          application/json: {"code": "invalid_phone_number", "doc_url": "https://docs.prelude.so/api-reference/errors#invalid_phone_number", "message": "+0 is not a valid phone number"}
        default:
          application/json: {"code": "invalid_phone_number", "doc_url": "https://docs.prelude.so/api-reference/errors#invalid_phone_number", "message": "+0 is not a valid phone number"}
  getAuthenticationStatus:
    speakeasy-default-get-authentication-status:
      parameters:
        path:
          auth_uuid: "d8446450-f2fa-4dd9-806b-df5b8c661f23"
      responses:
        "200":
          application/json: {"events": [], "phone_number": "+1234567890"}
        default:
          application/json: {"code": "invalid_phone_number", "doc_url": "https://docs.prelude.so/api-reference/errors#invalid_phone_number", "message": "+0 is not a valid phone number"}
        "400":
          application/json: {"code": "invalid_phone_number", "doc_url": "https://docs.prelude.so/api-reference/errors#invalid_phone_number", "message": "+0 is not a valid phone number"}
