speakeasyVersion: 1.517.3
sources:
    my-source:
        sourceNamespace: my-source
        sourceRevisionDigest: sha256:eccc0b709bfa1c497defe622e93ae2d0973eef77497cea23052a2062a336a1b3
        sourceBlobDigest: sha256:f7272f9ebff9082fa0c9f834d73f91cdc05a4fee0f66f43e24cf6ac124a12198
        tags:
            - latest
            - speakeasy-sdk-regen-1741998085
            - 1.0.0
targets:
    github.com/ding-live/ding-golang:
        source: my-source
        sourceNamespace: my-source
        sourceRevisionDigest: sha256:eccc0b709bfa1c497defe622e93ae2d0973eef77497cea23052a2062a336a1b3
        sourceBlobDigest: sha256:f7272f9ebff9082fa0c9f834d73f91cdc05a4fee0f66f43e24cf6ac124a12198
        codeSamplesNamespace: my-source-go-code-samples
        codeSamplesRevisionDigest: sha256:9bdd393860454188e173e2918d14d68e4bf86f14aecadf714e0dad3132ef98fd
workflow:
    workflowVersion: 1.0.0
    speakeasyVersion: latest
    sources:
        my-source:
            inputs:
                - location: https://raw.githubusercontent.com/ding-live/openapi/main/ding.yaml
            registry:
                location: registry.speakeasyapi.dev/ding/ding/my-source
    targets:
        github.com/ding-live/ding-golang:
            target: go
            source: my-source
            codeSamples:
                registry:
                    location: registry.speakeasyapi.dev/ding/ding/my-source-go-code-samples
                blocking: false
