speakeasyVersion: 1.509.1
sources:
    my-source:
        sourceNamespace: my-source
        sourceRevisionDigest: sha256:3dcce134b4b063a016024414a5124e9074678f45e4cb9c58a538a544e5ed8dd0
        sourceBlobDigest: sha256:f7272f9ebff9082fa0c9f834d73f91cdc05a4fee0f66f43e24cf6ac124a12198
        tags:
            - latest
            - speakeasy-sdk-regen-1741134071
            - 1.0.0
targets:
    github.com/ding-live/ding-golang:
        source: my-source
        sourceNamespace: my-source
        sourceRevisionDigest: sha256:3dcce134b4b063a016024414a5124e9074678f45e4cb9c58a538a544e5ed8dd0
        sourceBlobDigest: sha256:f7272f9ebff9082fa0c9f834d73f91cdc05a4fee0f66f43e24cf6ac124a12198
        codeSamplesNamespace: my-source-go-code-samples
        codeSamplesRevisionDigest: sha256:b3f13ed20e8d2a1e68cf86e1013c65482e6fd915a087567c72f2f9e0bc9ad231
workflow:
    workflowVersion: 1.0.0
    speakeasyVersion: latest
    sources:
        my-source:
            inputs:
                - location: https://raw.githubusercontent.com/ding-live/openapi/main/ding.yaml
            registry:
                location: registry.speakeasyapi.dev/ding/ding/my-source
    targets:
        github.com/ding-live/ding-golang:
            target: go
            source: my-source
            codeSamples:
                registry:
                    location: registry.speakeasyapi.dev/ding/ding/my-source-go-code-samples
                blocking: false
